
Microsoft Visual Studio Solution File, Format Version 12.00
# Visual Studio 15
VisualStudioVersion = 15.0.28307.421
MinimumVisualStudioVersion = 10.0.40219.1
Project("{2150E333-8FDC-42A3-9474-1A3956D46DE8}") = "1_demo", "1_demo", "{F657ECEB-992A-42CE-AAD8-C436B1805778}"
EndProject
Project("{8BC9CEB8-8B4A-11D0-8D11-00A0C91BC942}") = "NvDecodeD3D9", "demo\Samples\NvDecodeD3D9\NvDecodeD3D9.vcxproj", "{EAB14BE9-69C4-6DF1-81C2-2A90F19CC73F}"
EndProject
Project("{8BC9CEB8-8B4A-11D0-8D11-00A0C91BC942}") = "NvDecodeGL", "demo\Samples\NvDecodeGL\NvDecodeGL.vcxproj", "{5D74260A-B080-8ACC-D732-0198382069B7}"
EndProject
Project("{8BC9CEB8-8B4A-11D0-8D11-00A0C91BC942}") = "NvEncoder", "demo\Samples\NvEncoder\NvEncoder.vcxproj", "{ACA66694-3EFB-4A86-8FF1-44A672AF9267}"
EndProject
Project("{8BC9CEB8-8B4A-11D0-8D11-00A0C91BC942}") = "NvEncoderCudaInterop", "demo\Samples\NvEncoderCudaInterop\NvEncoderCudaInterop.vcxproj", "{B69CD6B9-AD98-4027-8D4C-5D0AFBB8FB93}"
EndProject
Project("{8BC9CEB8-8B4A-11D0-8D11-00A0C91BC942}") = "NvEncoderD3DInterop", "demo\Samples\NvEncoderD3DInterop\NvEncoderD3DInterop.vcxproj", "{F39E9A3B-8A43-4EFE-9BFA-BD0E3ECF86C3}"
EndProject
Project("{8BC9CEB8-8B4A-11D0-8D11-00A0C91BC942}") = "NvEncoderLowLatency", "demo\Samples\NvEncoderLowLatency\NvEncoderLowLatency.vcxproj", "{7206E63A-CA34-4CAE-890D-51532B758692}"
EndProject
Project("{8BC9CEB8-8B4A-11D0-8D11-00A0C91BC942}") = "NvEncoderPerf", "demo\Samples\NvEncoderPerf\NvEncoderPerf.vcxproj", "{3809BF09-7E89-4FA4-B4B6-8AB6F3107AAC}"
EndProject
Project("{8BC9CEB8-8B4A-11D0-8D11-00A0C91BC942}") = "NvTranscoder", "demo\Samples\NvTranscoder\NvTranscoder.vcxproj", "{B014B2FC-8061-486A-83CC-87A89CFDB460}"
EndProject
Global
	GlobalSection(SolutionConfigurationPlatforms) = preSolution
		Debug|x64 = Debug|x64
		Debug|x86 = Debug|x86
		Release|x64 = Release|x64
		Release|x86 = Release|x86
	EndGlobalSection
	GlobalSection(ProjectConfigurationPlatforms) = postSolution
		{EAB14BE9-69C4-6DF1-81C2-2A90F19CC73F}.Debug|x64.ActiveCfg = Debug|x64
		{EAB14BE9-69C4-6DF1-81C2-2A90F19CC73F}.Debug|x64.Build.0 = Debug|x64
		{EAB14BE9-69C4-6DF1-81C2-2A90F19CC73F}.Debug|x86.ActiveCfg = Debug|Win32
		{EAB14BE9-69C4-6DF1-81C2-2A90F19CC73F}.Debug|x86.Build.0 = Debug|Win32
		{EAB14BE9-69C4-6DF1-81C2-2A90F19CC73F}.Release|x64.ActiveCfg = Release|x64
		{EAB14BE9-69C4-6DF1-81C2-2A90F19CC73F}.Release|x64.Build.0 = Release|x64
		{EAB14BE9-69C4-6DF1-81C2-2A90F19CC73F}.Release|x86.ActiveCfg = Release|Win32
		{EAB14BE9-69C4-6DF1-81C2-2A90F19CC73F}.Release|x86.Build.0 = Release|Win32
		{5D74260A-B080-8ACC-D732-0198382069B7}.Debug|x64.ActiveCfg = Debug|x64
		{5D74260A-B080-8ACC-D732-0198382069B7}.Debug|x64.Build.0 = Debug|x64
		{5D74260A-B080-8ACC-D732-0198382069B7}.Debug|x86.ActiveCfg = Debug|Win32
		{5D74260A-B080-8ACC-D732-0198382069B7}.Debug|x86.Build.0 = Debug|Win32
		{5D74260A-B080-8ACC-D732-0198382069B7}.Release|x64.ActiveCfg = Release|x64
		{5D74260A-B080-8ACC-D732-0198382069B7}.Release|x64.Build.0 = Release|x64
		{5D74260A-B080-8ACC-D732-0198382069B7}.Release|x86.ActiveCfg = Release|Win32
		{5D74260A-B080-8ACC-D732-0198382069B7}.Release|x86.Build.0 = Release|Win32
		{ACA66694-3EFB-4A86-8FF1-44A672AF9267}.Debug|x64.ActiveCfg = Debug|x64
		{ACA66694-3EFB-4A86-8FF1-44A672AF9267}.Debug|x64.Build.0 = Debug|x64
		{ACA66694-3EFB-4A86-8FF1-44A672AF9267}.Debug|x86.ActiveCfg = Debug|Win32
		{ACA66694-3EFB-4A86-8FF1-44A672AF9267}.Debug|x86.Build.0 = Debug|Win32
		{ACA66694-3EFB-4A86-8FF1-44A672AF9267}.Release|x64.ActiveCfg = Release|x64
		{ACA66694-3EFB-4A86-8FF1-44A672AF9267}.Release|x64.Build.0 = Release|x64
		{ACA66694-3EFB-4A86-8FF1-44A672AF9267}.Release|x86.ActiveCfg = Release|Win32
		{ACA66694-3EFB-4A86-8FF1-44A672AF9267}.Release|x86.Build.0 = Release|Win32
		{B69CD6B9-AD98-4027-8D4C-5D0AFBB8FB93}.Debug|x64.ActiveCfg = Debug|x64
		{B69CD6B9-AD98-4027-8D4C-5D0AFBB8FB93}.Debug|x64.Build.0 = Debug|x64
		{B69CD6B9-AD98-4027-8D4C-5D0AFBB8FB93}.Debug|x86.ActiveCfg = Debug|Win32
		{B69CD6B9-AD98-4027-8D4C-5D0AFBB8FB93}.Debug|x86.Build.0 = Debug|Win32
		{B69CD6B9-AD98-4027-8D4C-5D0AFBB8FB93}.Release|x64.ActiveCfg = Release|x64
		{B69CD6B9-AD98-4027-8D4C-5D0AFBB8FB93}.Release|x64.Build.0 = Release|x64
		{B69CD6B9-AD98-4027-8D4C-5D0AFBB8FB93}.Release|x86.ActiveCfg = Release|Win32
		{B69CD6B9-AD98-4027-8D4C-5D0AFBB8FB93}.Release|x86.Build.0 = Release|Win32
		{F39E9A3B-8A43-4EFE-9BFA-BD0E3ECF86C3}.Debug|x64.ActiveCfg = Debug|x64
		{F39E9A3B-8A43-4EFE-9BFA-BD0E3ECF86C3}.Debug|x64.Build.0 = Debug|x64
		{F39E9A3B-8A43-4EFE-9BFA-BD0E3ECF86C3}.Debug|x86.ActiveCfg = Debug|Win32
		{F39E9A3B-8A43-4EFE-9BFA-BD0E3ECF86C3}.Debug|x86.Build.0 = Debug|Win32
		{F39E9A3B-8A43-4EFE-9BFA-BD0E3ECF86C3}.Release|x64.ActiveCfg = Release|x64
		{F39E9A3B-8A43-4EFE-9BFA-BD0E3ECF86C3}.Release|x64.Build.0 = Release|x64
		{F39E9A3B-8A43-4EFE-9BFA-BD0E3ECF86C3}.Release|x86.ActiveCfg = Release|Win32
		{F39E9A3B-8A43-4EFE-9BFA-BD0E3ECF86C3}.Release|x86.Build.0 = Release|Win32
		{7206E63A-CA34-4CAE-890D-51532B758692}.Debug|x64.ActiveCfg = Debug|x64
		{7206E63A-CA34-4CAE-890D-51532B758692}.Debug|x64.Build.0 = Debug|x64
		{7206E63A-CA34-4CAE-890D-51532B758692}.Debug|x86.ActiveCfg = Debug|Win32
		{7206E63A-CA34-4CAE-890D-51532B758692}.Debug|x86.Build.0 = Debug|Win32
		{7206E63A-CA34-4CAE-890D-51532B758692}.Release|x64.ActiveCfg = Release|x64
		{7206E63A-CA34-4CAE-890D-51532B758692}.Release|x64.Build.0 = Release|x64
		{7206E63A-CA34-4CAE-890D-51532B758692}.Release|x86.ActiveCfg = Release|Win32
		{7206E63A-CA34-4CAE-890D-51532B758692}.Release|x86.Build.0 = Release|Win32
		{3809BF09-7E89-4FA4-B4B6-8AB6F3107AAC}.Debug|x64.ActiveCfg = Debug|x64
		{3809BF09-7E89-4FA4-B4B6-8AB6F3107AAC}.Debug|x64.Build.0 = Debug|x64
		{3809BF09-7E89-4FA4-B4B6-8AB6F3107AAC}.Debug|x86.ActiveCfg = Debug|Win32
		{3809BF09-7E89-4FA4-B4B6-8AB6F3107AAC}.Debug|x86.Build.0 = Debug|Win32
		{3809BF09-7E89-4FA4-B4B6-8AB6F3107AAC}.Release|x64.ActiveCfg = Release|x64
		{3809BF09-7E89-4FA4-B4B6-8AB6F3107AAC}.Release|x64.Build.0 = Release|x64
		{3809BF09-7E89-4FA4-B4B6-8AB6F3107AAC}.Release|x86.ActiveCfg = Release|Win32
		{3809BF09-7E89-4FA4-B4B6-8AB6F3107AAC}.Release|x86.Build.0 = Release|Win32
		{B014B2FC-8061-486A-83CC-87A89CFDB460}.Debug|x64.ActiveCfg = Debug|x64
		{B014B2FC-8061-486A-83CC-87A89CFDB460}.Debug|x64.Build.0 = Debug|x64
		{B014B2FC-8061-486A-83CC-87A89CFDB460}.Debug|x86.ActiveCfg = Debug|Win32
		{B014B2FC-8061-486A-83CC-87A89CFDB460}.Debug|x86.Build.0 = Debug|Win32
		{B014B2FC-8061-486A-83CC-87A89CFDB460}.Release|x64.ActiveCfg = Release|x64
		{B014B2FC-8061-486A-83CC-87A89CFDB460}.Release|x64.Build.0 = Release|x64
		{B014B2FC-8061-486A-83CC-87A89CFDB460}.Release|x86.ActiveCfg = Release|Win32
		{B014B2FC-8061-486A-83CC-87A89CFDB460}.Release|x86.Build.0 = Release|Win32
	EndGlobalSection
	GlobalSection(SolutionProperties) = preSolution
		HideSolutionNode = FALSE
	EndGlobalSection
	GlobalSection(NestedProjects) = preSolution
		{EAB14BE9-69C4-6DF1-81C2-2A90F19CC73F} = {F657ECEB-992A-42CE-AAD8-C436B1805778}
		{5D74260A-B080-8ACC-D732-0198382069B7} = {F657ECEB-992A-42CE-AAD8-C436B1805778}
		{ACA66694-3EFB-4A86-8FF1-44A672AF9267} = {F657ECEB-992A-42CE-AAD8-C436B1805778}
		{B69CD6B9-AD98-4027-8D4C-5D0AFBB8FB93} = {F657ECEB-992A-42CE-AAD8-C436B1805778}
		{F39E9A3B-8A43-4EFE-9BFA-BD0E3ECF86C3} = {F657ECEB-992A-42CE-AAD8-C436B1805778}
		{7206E63A-CA34-4CAE-890D-51532B758692} = {F657ECEB-992A-42CE-AAD8-C436B1805778}
		{3809BF09-7E89-4FA4-B4B6-8AB6F3107AAC} = {F657ECEB-992A-42CE-AAD8-C436B1805778}
		{B014B2FC-8061-486A-83CC-87A89CFDB460} = {F657ECEB-992A-42CE-AAD8-C436B1805778}
	EndGlobalSection
	GlobalSection(ExtensibilityGlobals) = postSolution
		SolutionGuid = {0A8CEE52-492A-4393-9DD8-1A14948800DE}
	EndGlobalSection
EndGlobal
